{
  "nodes": {
    "nixpkgs": {
      "locked": {
        "lastModified": 1716491488,
        "narHash": "sha256-nA1LUYsvYwzA2ImCMz5Zi4zaVzyfGsgWTkBCpaTs0wc=",
        "owner": "nixos",
        "repo": "nixpkgs",
        "rev": "45f510f9c9a60dc148b56dacdb80c3140365497d",
        "type": "github"
      },
      "original": {
        "owner": "nixos",
        "repo": "nixpkgs",
        "type": "github"
      }
    },
    "root": {
      "inputs": {
        "nixpkgs": "nixpkgs"
      }
    }
  },
  "root": "root",
  "version": 7
}
